{
  "name": "fswd-m2-tanstack-query-starter",
  "version": "1.0.0",
  "lockfileVersion": 3,
  "requires": true,
  "packages": {
    "": {
      "name": "fswd-m2-tanstack-query-starter",
      "version": "1.0.0",
      "dependencies": {
        "@tanstack/react-query": "^5.104.1",
        "@tanstack/react-query-devtools": "^5.104.1"
      },
      "devDependencies": {
        "concurrently": "^9.0.1"
      }
    },
    "node_modules/@corvu/utils": {
      "version": "0.4.2",
      "resolved": "https://registry.npmjs.org/@corvu/utils/-/utils-0.4.2.tgz",
      "integrity": "sha512-Ox2kYyxy7NoXdKWdHeDEjZxClwzO4SKM8plAaVwmAJPxHMqA0rLOoAsa+hBDwRLpctf+ZRnAd/ykguuJidnaTA==",
      "license": "MIT",
      "dependencies": {
        "@floating-ui/dom": "^1.6.11"
      },
      "peerDependencies": {
        "solid-js": "^1.8"
      }
    },
    "node_modules/@floating-ui/core": {
      "version": "1.8.0",
      "resolved": "https://registry.npmjs.org/@floating-ui/core/-/core-1.8.0.tgz",
      "integrity": "sha512-0CIZ5itps/8x7BG8dEIhs53BvCUH2PCoogtakwRTut+Arm58sJooJ0AuZhLw2HJYIR5cMLNPBSS728sPho2khQ==",
      "license": "MIT",
      "dependencies": {
        "@floating-ui/utils": "^0.2.12"
      }
    },
    "node_modules/@floating-ui/dom": {
      "version": "1.8.0",
      "resolved": "https://registry.npmjs.org/@floating-ui/dom/-/dom-1.8.0.tgz",
      "integrity": "sha512-yXSrzeHZBTZadLOlfyhCkJHNeLJnHRnRInwdZ40L7ZiaAtrBwoYlsDrX3v5zB1Utk7CLfzcOVnVVWoXEky7Ceg==",
      "license": "MIT",
      "dependencies": {
        "@floating-ui/core": "^1.8.0",
        "@floating-ui/utils": "^0.2.12"
      }
    },
    "node_modules/@floating-ui/utils": {
      "version": "0.2.12",
      "resolved": "https://registry.npmjs.org/@floating-ui/utils/-/utils-0.2.12.tgz",
      "integrity": "sha512-HpCo8tmWzLVad5s2d19EhAz5zqrrQ6s69qd6moPMQvkOuSwDT1YgRfWSVuc4ennqrgv3OHppiOGMQ7oC13yIww==",
      "license": "MIT"
    },
    "node_modules/@internationalized/number": {
      "version": "3.6.8",
      "resolved": "https://registry.npmjs.org/@internationalized/number/-/number-3.6.8.tgz",
      "integrity": "sha512-8UmMFia46DUt+k97zKd9fKWXcWHR+k8ae3eYzILETuT2KbIvLyOfac7zesw+sJdRAAZ7Q9pM1Mk22aXp2LD0Ig==",
      "license": "Apache-2.0",
      "dependencies": {
        "@swc/helpers": "^0.5.0"
      }
    },
    "node_modules/@kobalte/core": {
      "version": "0.13.14",
      "resolved": "https://registry.npmjs.org/@kobalte/core/-/core-0.13.14.tgz",
      "integrity": "sha512-SBVB1lnvYbYt2x3t7fG0lo5fGLEbHQ6PII3NDPva8vD5e2v53On84ZVQiuIk0XI/55R4GQhden7Yem+R/XR8uQ==",
      "license": "MIT",
      "dependencies": {
        "@floating-ui/dom": "^1.5.1",
        "@internationalized/number": "^3.2.1",
        "@kobalte/utils": "^0.9.2",
        "@solid-primitives/props": "^3.1.8",
        "@solid-primitives/resize-observer": "^2.0.26",
        "solid-presence": "^0.2.0",
        "solid-prevent-scroll": "^0.1.11"
      },
      "peerDependencies": {
        "solid-js": "^1.9.8"
      }
    },
    "node_modules/@kobalte/utils": {
      "version": "0.9.2",
      "resolved": "https://registry.npmjs.org/@kobalte/utils/-/utils-0.9.2.tgz",
      "integrity": "sha512-jRVXr+zsVHxzDXRoh+CDeXzvCsFJ6uiHhqqNQ26Cw9ZsZ3D6nqPUBt1gGVtj2ZPmRL3a9Uk1v8D1aJ8/I12Dow==",
      "license": "MIT",
      "dependencies": {
        "@solid-primitives/event-listener": "^2.2.14",
        "@solid-primitives/keyed": "^1.2.0",
        "@solid-primitives/map": "^0.4.7",
        "@solid-primitives/media": "^2.2.4",
        "@solid-primitives/props": "^3.1.8",
        "@solid-primitives/refs": "^1.0.5",
        "@solid-primitives/utils": "^6.2.1"
      },
      "peerDependencies": {
        "solid-js": "^1.8.8"
      }
    },
    "node_modules/@solid-primitives/event-listener": {
      "version": "2.4.6",
      "resolved": "https://registry.npmjs.org/@solid-primitives/event-listener/-/event-listener-2.4.6.tgz",
      "integrity": "sha512-5I0YJcTVYIWoMmgBSROBZGcz+ymhew/pGTg2dHW74BUjFKsV8Li4bOZYl0YAGP4mHw5o4UBd9/BEesqBci3wxw==",
      "license": "MIT",
      "dependencies": {
        "@solid-primitives/utils": "^6.4.1"
      },
      "peerDependencies": {
        "solid-js": "^1.6.12"
      }
    },
    "node_modules/@solid-primitives/keyed": {
      "version": "1.5.3",
      "resolved": "https://registry.npmjs.org/@solid-primitives/keyed/-/keyed-1.5.3.tgz",
      "integrity": "sha512-zNadtyYBhJSOjXtogkGHmRxjGdz9KHc8sGGVAGlUABkE8BED2tbIZoxkwSqzOwde8OcUEH0bb5DLZUWIMvyBSA==",
      "license": "MIT",
      "peerDependencies": {
        "solid-js": "^1.6.12"
      }
    },
    "node_modules/@solid-primitives/map": {
      "version": "0.4.13",
      "resolved": "https://registry.npmjs.org/@solid-primitives/map/-/map-0.4.13.tgz",
      "integrity": "sha512-B1zyFbsiTQvqPr+cuPCXO72sRuczG9Swncqk5P74NCGw1VE8qa/Ry9GlfI1e/VdeQYHjan+XkbE3rO2GW/qKew==",
      "license": "MIT",
      "dependencies": {
        "@solid-primitives/trigger": "^1.1.0"
      },
      "peerDependencies": {
        "solid-js": "^1.6.12"
      }
    },
    "node_modules/@solid-primitives/media": {
      "version": "2.3.6",
      "resolved": "https://registry.npmjs.org/@solid-primitives/media/-/media-2.3.6.tgz",
      "integrity": "sha512-pk49gPOq/UMRUJ+pTSrOfBiR8xJjRYHXIf1iR/jSnyQ/KroU+ZXhkZzavC7hvfp2vJeOTW5k2/HN0r3Q1VJ7Pw==",
      "license": "MIT",
      "dependencies": {
        "@solid-primitives/event-listener": "^2.4.6",
        "@solid-primitives/rootless": "^1.5.4",
        "@solid-primitives/static-store": "^0.1.4",
        "@solid-primitives/utils": "^6.4.1"
      },
      "peerDependencies": {
        "solid-js": "^1.6.12"
      }
    },
    "node_modules/@solid-primitives/props": {
      "version": "3.2.4",
      "resolved": "https://registry.npmjs.org/@solid-primitives/props/-/props-3.2.4.tgz",
      "integrity": "sha512-MXXdvi2TSB6d+0N6ueA/HP1j/Kh9SEc4WdF1ZDMLwPagxW6pIHHSS9xbRO0RjqSVpNP4j0nxCWT1hx3CkJNhNA==",
      "license": "MIT",
      "dependencies": {
        "@solid-primitives/utils": "^6.4.1"
      },
      "peerDependencies": {
        "solid-js": "^1.6.12"
      }
    },
    "node_modules/@solid-primitives/refs": {
      "version": "1.1.4",
      "resolved": "https://registry.npmjs.org/@solid-primitives/refs/-/refs-1.1.4.tgz",
      "integrity": "sha512-bLjwIs6ZPu8NQnuw04sU3Zc8qKSpbc0umUU/O4SHf6oWOdO4+dHY8vb1T7C4b/Tg103+9WGr6sEE0+NFlbaB/A==",
      "license": "MIT",
      "dependencies": {
        "@solid-primitives/utils": "^6.4.1"
      },
      "peerDependencies": {
        "solid-js": "^1.6.12"
      }
    },
    "node_modules/@solid-primitives/resize-observer": {
      "version": "2.2.0",
      "resolved": "https://registry.npmjs.org/@solid-primitives/resize-observer/-/resize-observer-2.2.0.tgz",
      "integrity": "sha512-9Fuu/EWBeGj+atGHRJp70HKhdfalmpjwxY8a32NZixdLNmfCJ45AfhLQNr6uOzETbbiMx4iCKlTrJ8KZCHC2Ww==",
      "license": "MIT",
      "dependencies": {
        "@solid-primitives/event-listener": "^2.4.6",
        "@solid-primitives/rootless": "^1.5.4",
        "@solid-primitives/static-store": "^0.1.4",
        "@solid-primitives/utils": "^6.4.1"
      },
      "peerDependencies": {
        "solid-js": "^1.6.12"
      }
    },
    "node_modules/@solid-primitives/rootless": {
      "version": "1.5.4",
      "resolved": "https://registry.npmjs.org/@solid-primitives/rootless/-/rootless-1.5.4.tgz",
      "integrity": "sha512-TOIZa1VUfVJ+9nkCcRajw3U4t9vBOP1HxX1WHNTbXq32mXwlqTvUnC4CRIilohcryBkT9u2ZkhUDSHRTaGp55g==",
      "license": "MIT",
      "dependencies": {
        "@solid-primitives/utils": "^6.4.1"
      },
      "peerDependencies": {
        "solid-js": "^1.6.12"
      }
    },
    "node_modules/@solid-primitives/static-store": {
      "version": "0.1.4",
      "resolved": "https://registry.npmjs.org/@solid-primitives/static-store/-/static-store-0.1.4.tgz",
      "integrity": "sha512-LgtVaVBtB7EbmS4+M0b8xY5Iq6pUWXBsIC4VgtrFKDGDdyCaDt88sHk0fUlx1Enxm/XZnZyLXJABRoa39RjJqA==",
      "license": "MIT",
      "dependencies": {
        "@solid-primitives/utils": "^6.4.1"
      },
      "peerDependencies": {
        "solid-js": "^1.6.12"
      }
    },
    "node_modules/@solid-primitives/storage": {
      "version": "1.3.11",
      "resolved": "https://registry.npmjs.org/@solid-primitives/storage/-/storage-1.3.11.tgz",
      "integrity": "sha512-PpQWR3TaTxHIJFbI9ZssYTM4Aa67g1vJIgps4TPhcXzHqqomrPAIveFC2FG7SDQoi9YQia8FVBjigELziJpfIg==",
      "license": "MIT",
      "dependencies": {
        "@solid-primitives/utils": "^6.2.0"
      },
      "peerDependencies": {
        "solid-js": "^1.6.12"
      }
    },
    "node_modules/@solid-primitives/transition-group": {
      "version": "1.1.2",
      "resolved": "https://registry.npmjs.org/@solid-primitives/transition-group/-/transition-group-1.1.2.tgz",
      "integrity": "sha512-gnHS0OmcdjeoHN9n7Khu8KNrOlRc8a2weETDt2YT6o1zeW/XtUC6Db3Q9pkMU/9cCKdEmN4b0a/41MKAHRhzWA==",
      "license": "MIT",
      "peerDependencies": {
        "solid-js": "^1.6.12"
      }
    },
    "node_modules/@solid-primitives/trigger": {
      "version": "1.2.4",
      "resolved": "https://registry.npmjs.org/@solid-primitives/trigger/-/trigger-1.2.4.tgz",
      "integrity": "sha512-Ju0e+ZOD7hpOp7nptJimvDSZHWFvIvF9iBWMvuwt30smX7c5wmB8Kmc0AdDuv0wOTi06PQ1J5IrP1WJbH2yUBQ==",
      "license": "MIT",
      "dependencies": {
        "@solid-primitives/utils": "^6.4.1"
      },
      "peerDependencies": {
        "solid-js": "^1.6.12"
      }
    },
    "node_modules/@solid-primitives/utils": {
      "version": "6.4.1",
      "resolved": "https://registry.npmjs.org/@solid-primitives/utils/-/utils-6.4.1.tgz",
      "integrity": "sha512-ISSB5QX1qP2ynrheIpYwc4oKR5Ny4siNuUyf1qZniy+Il+p/PtDB0QK1Dnle8noiHpwRD3gpPdubOC3qI/Zamg==",
      "license": "MIT",
      "peerDependencies": {
        "solid-js": "^1.6.12"
      }
    },
    "node_modules/@swc/helpers": {
      "version": "0.5.23",
      "resolved": "https://registry.npmjs.org/@swc/helpers/-/helpers-0.5.23.tgz",
      "integrity": "sha512-5lSsMOTXURePglDfvuAQUqkGek9Hg2kksOYay2m0+XR++b2NWYL/4sWyuvVBIs8oKnJaxkdi9whaL/sqN13afw==",
      "license": "Apache-2.0",
      "dependencies": {
        "tslib": "^2.8.0"
      }
    },
    "node_modules/@tanstack/match-sorter-utils": {
      "version": "9.2.6",
      "resolved": "https://registry.npmjs.org/@tanstack/match-sorter-utils/-/match-sorter-utils-9.2.6.tgz",
      "integrity": "sha512-DIpUSOhPfQ7u/qfUi/Wgm0wBO56MyBYXGvnlI0NcauDRPqdBUlAZZjW2Dxm92m+k1UWVhKw8YJ4f47+75Aujyw==",
      "license": "MIT",
      "dependencies": {
        "remove-accents": "0.5.0"
      },
      "engines": {
        "node": ">=20"
      },
      "funding": {
        "type": "github",
        "url": "https://github.com/sponsors/tannerlinsley"
      }
    },
    "node_modules/@tanstack/query-core": {
      "version": "5.104.1",
      "resolved": "https://registry.npmjs.org/@tanstack/query-core/-/query-core-5.104.1.tgz",
      "integrity": "sha512-TiRghcrGkUTE+M4JBxvpPSpBhxvIzQairw+cksrHYGr+2uwC77yW1SY9nYxnYRYOppvucf8rEg6b5byoz4rTpw==",
      "license": "MIT",
      "funding": {
        "type": "github",
        "url": "https://github.com/sponsors/tannerlinsley"
      }
    },
    "node_modules/@tanstack/query-devtools": {
      "version": "5.104.1",
      "resolved": "https://registry.npmjs.org/@tanstack/query-devtools/-/query-devtools-5.104.1.tgz",
      "integrity": "sha512-wmXnQbnwEz+SctYMTrwsOWWNHKhCsVgtaliL9E+VI2vx2Xr773d/MpcrbIU1hEOUqC3p7x59swXFUPDLbplT3g==",
      "license": "MIT",
      "dependencies": {
        "@kobalte/core": "^0.13.14",
        "@solid-primitives/keyed": "^1.5.3",
        "@solid-primitives/resize-observer": "^2.2.0",
        "@solid-primitives/storage": "^1.3.11",
        "@tanstack/match-sorter-utils": "^9.1.2",
        "@tanstack/query-core": "5.104.1",
        "clsx": "^2.1.1",
        "goober": "^2.1.19",
        "solid-js": "^1.9.15",
        "solid-transition-group": "^0.2.3",
        "superjson": "^2.2.6"
      },
      "funding": {
        "type": "github",
        "url": "https://github.com/sponsors/tannerlinsley"
      }
    },
    "node_modules/@tanstack/react-query": {
      "version": "5.104.1",
      "resolved": "https://registry.npmjs.org/@tanstack/react-query/-/react-query-5.104.1.tgz",
      "integrity": "sha512-Zz70EgjahNI7aCz8BZxM3vUGU44ycxEAzMuCUjLeA7SVhhOkg3ZgPjPJPvHjs6Rmky/dtmnu1WzjGHNHmhCoZQ==",
      "license": "MIT",
      "dependencies": {
        "@tanstack/query-core": "5.104.1"
      },
      "funding": {
        "type": "github",
        "url": "https://github.com/sponsors/tannerlinsley"
      },
      "peerDependencies": {
        "react": "^18 || ^19"
      }
    },
    "node_modules/@tanstack/react-query-devtools": {
      "version": "5.104.1",
      "resolved": "https://registry.npmjs.org/@tanstack/react-query-devtools/-/react-query-devtools-5.104.1.tgz",
      "integrity": "sha512-0GoLxe08PVxnkbrHFwO+7fkgbc07xEcoBfdYvbTv63e6Fe7uz7PGyOxKeQTOXKGMmTfoniaISOqkjDzKC/66Ng==",
      "license": "MIT",
      "dependencies": {
        "@tanstack/query-devtools": "5.104.1"
      },
      "funding": {
        "type": "github",
        "url": "https://github.com/sponsors/tannerlinsley"
      },
      "peerDependencies": {
        "@tanstack/react-query": "^5.104.1",
        "@types/react": "^18 || ^19",
        "react": "^18 || ^19"
      }
    },
    "node_modules/@types/react": {
      "version": "19.3.0",
      "resolved": "https://registry.npmjs.org/@types/react/-/react-19.3.0.tgz",
      "integrity": "sha512-N0rFCuH9YoxG9/m61l9MfpJKfmLOVU0em7ipIz6TRgSSkvReLB9vL85GB+yr8Bs5leqpvg96JSwF4ZS1s4viQg==",
      "license": "MIT",
      "peer": true,
      "dependencies": {
        "csstype": "^3.2.2"
      }
    },
    "node_modules/ansi-regex": {
      "version": "5.0.1",
      "resolved": "https://registry.npmjs.org/ansi-regex/-/ansi-regex-5.0.1.tgz",
      "integrity": "sha512-quJQXlTSUGL2LH9SUXo8VwsY4soanhgo6LNSm84E1LBcE8s3O0wpdiRzyR9z/ZZJMlMWv37qOOb9pdJlMUEKFQ==",
      "dev": true,
      "license": "MIT",
      "engines": {
        "node": ">=8"
      }
    },
    "node_modules/ansi-styles": {
      "version": "4.3.0",
      "resolved": "https://registry.npmjs.org/ansi-styles/-/ansi-styles-4.3.0.tgz",
      "integrity": "sha512-zbB9rCJAT1rbjiVDb2hqKFHNYLxgtk8NURxZ3IZwD3F6NtxbXZQCnnSi1Lkx+IDohdPlFp222wVALIheZJQSEg==",
      "dev": true,
      "license": "MIT",
      "dependencies": {
        "color-convert": "^2.0.1"
      },
      "engines": {
        "node": ">=8"
      },
      "funding": {
        "url": "https://github.com/chalk/ansi-styles?sponsor=1"
      }
    },
    "node_modules/chalk": {
      "version": "4.1.2",
      "resolved": "https://registry.npmjs.org/chalk/-/chalk-4.1.2.tgz",
      "integrity": "sha512-oKnbhFyRIXpUuez8iBMmyEa4nbj4IOQyuhc/wy9kY7/WVPcwIO9VA668Pu8RkO7+0G76SLROeyw9CpQ061i4mA==",
      "dev": true,
      "license": "MIT",
      "dependencies": {
        "ansi-styles": "^4.1.0",
        "supports-color": "^7.1.0"
      },
      "engines": {
        "node": ">=10"
      },
      "funding": {
        "url": "https://github.com/chalk/chalk?sponsor=1"
      }
    },
    "node_modules/chalk/node_modules/supports-color": {
      "version": "7.2.0",
      "resolved": "https://registry.npmjs.org/supports-color/-/supports-color-7.2.0.tgz",
      "integrity": "sha512-qpCAvRl9stuOHveKsn7HncJRvv501qIacKzQlO/+Lwxc9+0q2wLyv4Dfvt80/DPn2pqOBsJdDiogXGR9+OvwRw==",
      "dev": true,
      "license": "MIT",
      "dependencies": {
        "has-flag": "^4.0.0"
      },
      "engines": {
        "node": ">=8"
      }
    },
    "node_modules/cliui": {
      "version": "8.0.1",
      "resolved": "https://registry.npmjs.org/cliui/-/cliui-8.0.1.tgz",
      "integrity": "sha512-BSeNnyus75C4//NQ9gQt1/csTXyo/8Sb+afLAkzAptFuMsod9HFokGNudZpi/oQV73hnVK+sR+5PVRMd+Dr7YQ==",
      "dev": true,
      "license": "ISC",
      "dependencies": {
        "string-width": "^4.2.0",
        "strip-ansi": "^6.0.1",
        "wrap-ansi": "^7.0.0"
      },
      "engines": {
        "node": ">=12"
      }
    },
    "node_modules/clsx": {
      "version": "2.1.1",
      "resolved": "https://registry.npmjs.org/clsx/-/clsx-2.1.1.tgz",
      "integrity": "sha512-eYm0QWBtUrBWZWG0d386OGAw16Z995PiOVo2B7bjWSbHedGl5e0ZWaq65kOGgUSNesEIDkB9ISbTg/JK9dhCZA==",
      "license": "MIT",
      "engines": {
        "node": ">=6"
      }
    },
    "node_modules/color-convert": {
      "version": "2.0.1",
      "resolved": "https://registry.npmjs.org/color-convert/-/color-convert-2.0.1.tgz",
      "integrity": "sha512-RRECPsj7iu/xb5oKYcsFHSppFNnsj/52OVTRKb4zP5onXwVF3zVmmToNcOfGC+CRDpfK/U584fMg38ZHCaElKQ==",
      "dev": true,
      "license": "MIT",
      "dependencies": {
        "color-name": "~1.1.4"
      },
      "engines": {
        "node": ">=7.0.0"
      }
    },
    "node_modules/color-name": {
      "version": "1.1.4",
      "resolved": "https://registry.npmjs.org/color-name/-/color-name-1.1.4.tgz",
      "integrity": "sha512-dOy+3AuW3a2wNbZHIuMZpTcgjGuLU/uBL/ubcZF9OXbDo8ff4O8yVp5Bf0efS8uEoYo5q4Fx7dY9OgQGXgAsQA==",
      "dev": true,
      "license": "MIT"
    },
    "node_modules/concurrently": {
      "version": "9.2.4",
      "resolved": "https://registry.npmjs.org/concurrently/-/concurrently-9.2.4.tgz",
      "integrity": "sha512-TZ0CEhyzvFjgtAvHTusDMgj7wNdihCh7LLLrzdUOXIhdlnL2JBBGA9eJxR24rtqgmdjh3OA3hrN1rCHj6HM8qA==",
      "dev": true,
      "license": "MIT",
      "dependencies": {
        "chalk": "4.1.2",
        "rxjs": "7.8.2",
        "shell-quote": "1.9.0",
        "supports-color": "8.1.1",
        "tree-kill": "1.2.2",
        "yargs": "17.7.2"
      },
      "bin": {
        "conc": "dist/bin/concurrently.js",
        "concurrently": "dist/bin/concurrently.js"
      },
      "engines": {
        "node": ">=18"
      },
      "funding": {
        "url": "https://github.com/open-cli-tools/concurrently?sponsor=1"
      }
    },
    "node_modules/copy-anything": {
      "version": "4.1.5",
      "resolved": "https://registry.npmjs.org/copy-anything/-/copy-anything-4.1.5.tgz",
      "integrity": "sha512-vePst2VLTSqPglW7Q98VwFpGiGpOHTyXIo81MO5VyLecA5zMbZw/P/V1vmwD1jksa2iJpn/YkDrJ3XhTfzUyhQ==",
      "license": "MIT",
      "engines": {
        "node": ">=18"
      },
      "funding": {
        "url": "https://github.com/sponsors/mesqueeb"
      }
    },
    "node_modules/csstype": {
      "version": "3.2.3",
      "resolved": "https://registry.npmjs.org/csstype/-/csstype-3.2.3.tgz",
      "integrity": "sha512-z1HGKcYy2xA8AGQfwrn0PAy+PB7X/GSj3UVJW9qKyn43xWa+gl5nXmU4qqLMRzWVLFC8KusUX8T/0kCiOYpAIQ==",
      "license": "MIT"
    },
    "node_modules/emoji-regex": {
      "version": "8.0.0",
      "resolved": "https://registry.npmjs.org/emoji-regex/-/emoji-regex-8.0.0.tgz",
      "integrity": "sha512-MSjYzcWNOA0ewAHpz0MxpYFvwg6yjy1NG3xteoqz644VCo/RPgnr1/GGt+ic3iJTzQ8Eu3TdM14SawnVUmGE6A==",
      "dev": true,
      "license": "MIT"
    },
    "node_modules/escalade": {
      "version": "3.2.0",
      "resolved": "https://registry.npmjs.org/escalade/-/escalade-3.2.0.tgz",
      "integrity": "sha512-WUj2qlxaQtO4g6Pq5c29GTcWGDyd8itL8zTlipgECz3JesAiiOKotd8JU6otB3PACgG6xkJUyVhboMS+bje/jA==",
      "dev": true,
      "license": "MIT",
      "engines": {
        "node": ">=6"
      }
    },
    "node_modules/get-caller-file": {
      "version": "2.0.5",
      "resolved": "https://registry.npmjs.org/get-caller-file/-/get-caller-file-2.0.5.tgz",
      "integrity": "sha512-DyFP3BM/3YHTQOCUL/w0OZHR0lpKeGrxotcHWcqNEdnltqFwXVfhEBQ94eIo34AfQpo0rGki4cyIiftY06h2Fg==",
      "dev": true,
      "license": "ISC",
      "engines": {
        "node": "6.* || 8.* || >= 10.*"
      }
    },
    "node_modules/goober": {
      "version": "2.1.19",
      "resolved": "https://registry.npmjs.org/goober/-/goober-2.1.19.tgz",
      "integrity": "sha512-U7veizMqxyKlM58+Z5j2ngJBH/r9siDmxpvNxSw0PylF6WQvrASJEZrxh1hidRBJc2jqoBVSyOban5u8m+6Rxg==",
      "license": "MIT",
      "peerDependencies": {
        "csstype": "^3.0.10"
      }
    },
    "node_modules/has-flag": {
      "version": "4.0.0",
      "resolved": "https://registry.npmjs.org/has-flag/-/has-flag-4.0.0.tgz",
      "integrity": "sha512-EykJT/Q1KjTWctppgIAgfSO0tKVuZUjhgMr17kqTumMl6Afv3EISleU7qZUzoXDFTAHTDC4NOoG/ZxU3EvlMPQ==",
      "dev": true,
      "license": "MIT",
      "engines": {
        "node": ">=8"
      }
    },
    "node_modules/is-fullwidth-code-point": {
      "version": "3.0.0",
      "resolved": "https://registry.npmjs.org/is-fullwidth-code-point/-/is-fullwidth-code-point-3.0.0.tgz",
      "integrity": "sha512-zymm5+u+sCsSWyD9qNaejV3DFvhCKclKdizYaJUuHA83RLjb7nSuGnddCHGv0hk+KY7BMAlsWeK4Ueg6EV6XQg==",
      "dev": true,
      "license": "MIT",
      "engines": {
        "node": ">=8"
      }
    },
    "node_modules/react": {
      "version": "19.3.0",
      "resolved": "https://registry.npmjs.org/react/-/react-19.3.0.tgz",
      "integrity": "sha512-E8LUcbtBWt20bbl2YoHfx4ZDBdxVTfOKtCZn9cDSJ4l6/nuoApcpIBcj47t2wZoVX8g2ZHuMHbiShgCR1T5Sog==",
      "license": "MIT",
      "peer": true,
      "engines": {
        "node": ">=0.10.0"
      }
    },
    "node_modules/remove-accents": {
      "version": "0.5.0",
      "resolved": "https://registry.npmjs.org/remove-accents/-/remove-accents-0.5.0.tgz",
      "integrity": "sha512-8g3/Otx1eJaVD12e31UbJj1YzdtVvzH85HV7t+9MJYk/u3XmkOUJ5Ys9wQrf9PCPK8+xn4ymzqYCiZl6QWKn+A==",
      "license": "MIT"
    },
    "node_modules/require-directory": {
      "version": "2.1.1",
      "resolved": "https://registry.npmjs.org/require-directory/-/require-directory-2.1.1.tgz",
      "integrity": "sha512-fGxEI7+wsG9xrvdjsrlmL22OMTTiHRwAMroiEeMgq8gzoLC/PQr7RsRDSTLUg/bZAZtF+TVIkHc6/4RIKrui+Q==",
      "dev": true,
      "license": "MIT",
      "engines": {
        "node": ">=0.10.0"
      }
    },
    "node_modules/rxjs": {
      "version": "7.8.2",
      "resolved": "https://registry.npmjs.org/rxjs/-/rxjs-7.8.2.tgz",
      "integrity": "sha512-dhKf903U/PQZY6boNNtAGdWbG85WAbjT/1xYoZIC7FAY0yWapOBQVsVrDl58W86//e1VpMNBtRV4MaXfdMySFA==",
      "dev": true,
      "license": "Apache-2.0",
      "dependencies": {
        "tslib": "^2.1.0"
      }
    },
    "node_modules/seroval": {
      "version": "1.5.6",
      "resolved": "https://registry.npmjs.org/seroval/-/seroval-1.5.6.tgz",
      "integrity": "sha512-rVQVWjjSvlINzaQPZH5JFqsqEsIWdTxY3iJZCnTL/5gQbXIRooVZKI60tVCkOVfzcRPejboxO2t0P89dg5mQaA==",
      "license": "MIT",
      "engines": {
        "node": ">=10"
      }
    },
    "node_modules/seroval-plugins": {
      "version": "1.5.6",
      "resolved": "https://registry.npmjs.org/seroval-plugins/-/seroval-plugins-1.5.6.tgz",
      "integrity": "sha512-HXuLAX2pu/UByPpaeo/TaMfvMIi+1QqIoPJYCcAtU8QkVNwgR6MPlGuCQTErV1JwraaMbYaWVIBX7mppzGLATQ==",
      "license": "MIT",
      "engines": {
        "node": ">=10"
      },
      "peerDependencies": {
        "seroval": "^1.0"
      }
    },
    "node_modules/shell-quote": {
      "version": "1.9.0",
      "resolved": "https://registry.npmjs.org/shell-quote/-/shell-quote-1.9.0.tgz",
      "integrity": "sha512-Iov+JwFv/2HcTpcwNMKd8+IWNb8tboQJNQTkAY/LLVK7gGH9jy+LGkVqPxfekHl+yMmiqXszdGWXgkfml7hjqA==",
      "dev": true,
      "license": "MIT",
      "engines": {
        "node": ">= 0.4"
      },
      "funding": {
        "url": "https://github.com/sponsors/ljharb"
      }
    },
    "node_modules/solid-js": {
      "version": "1.9.15",
      "resolved": "https://registry.npmjs.org/solid-js/-/solid-js-1.9.15.tgz",
      "integrity": "sha512-EeiY2xfpZJqPLjXspVEKjAII4yv8NyG//NxZ3IpOFHdUNnnTyL0uJOeS9LWGvA7cFCz5y94cjFwYlmw5Luncsg==",
      "license": "MIT",
      "dependencies": {
        "csstype": "^3.1.0",
        "seroval": "~1.5.4",
        "seroval-plugins": "~1.5.4"
      }
    },
    "node_modules/solid-presence": {
      "version": "0.2.0",
      "resolved": "https://registry.npmjs.org/solid-presence/-/solid-presence-0.2.0.tgz",
      "integrity": "sha512-YM92o+jvpzX3XGaD4rLYmq/Kc2ZVh47GSCLEufHBFQQIurvZTs8SoGJxO8BJGNDxBKdcS8F3dYhW1SDXp4BNjA==",
      "license": "MIT",
      "dependencies": {
        "@corvu/utils": "~0.4.2"
      },
      "peerDependencies": {
        "solid-js": "^1.8"
      }
    },
    "node_modules/solid-prevent-scroll": {
      "version": "0.1.11",
      "resolved": "https://registry.npmjs.org/solid-prevent-scroll/-/solid-prevent-scroll-0.1.11.tgz",
      "integrity": "sha512-2PComVCDHaQN/5t7ogEqUYeHasritZKXZ8Sb/VLkl0Web8o9YhEwOo8LSujJEahvMlYCNyKt0zRJeHldOAeWZg==",
      "license": "MIT",
      "dependencies": {
        "@corvu/utils": "~0.4.2"
      },
      "peerDependencies": {
        "solid-js": "^1.8"
      }
    },
    "node_modules/solid-transition-group": {
      "version": "0.2.3",
      "resolved": "https://registry.npmjs.org/solid-transition-group/-/solid-transition-group-0.2.3.tgz",
      "integrity": "sha512-iB72c9N5Kz9ykRqIXl0lQohOau4t0dhel9kjwFvx81UZJbVwaChMuBuyhiZmK24b8aKEK0w3uFM96ZxzcyZGdg==",
      "license": "MIT",
      "dependencies": {
        "@solid-primitives/refs": "^1.0.5",
        "@solid-primitives/transition-group": "^1.0.2"
      },
      "engines": {
        "node": ">=18.0.0",
        "pnpm": ">=8.6.0"
      },
      "peerDependencies": {
        "solid-js": "^1.6.12"
      }
    },
    "node_modules/string-width": {
      "version": "4.2.3",
      "resolved": "https://registry.npmjs.org/string-width/-/string-width-4.2.3.tgz",
      "integrity": "sha512-wKyQRQpjJ0sIp62ErSZdGsjMJWsap5oRNihHhu6G7JVO/9jIB6UyevL+tXuOqrng8j/cxKTWyWUwvSTriiZz/g==",
      "dev": true,
      "license": "MIT",
      "dependencies": {
        "emoji-regex": "^8.0.0",
        "is-fullwidth-code-point": "^3.0.0",
        "strip-ansi": "^6.0.1"
      },
      "engines": {
        "node": ">=8"
      }
    },
    "node_modules/strip-ansi": {
      "version": "6.0.1",
      "resolved": "https://registry.npmjs.org/strip-ansi/-/strip-ansi-6.0.1.tgz",
      "integrity": "sha512-Y38VPSHcqkFrCpFnQ9vuSXmquuv5oXOKpGeT6aGrr3o3Gc9AlVa6JBfUSOCnbxGGZF+/0ooI7KrPuUSztUdU5A==",
      "dev": true,
      "license": "MIT",
      "dependencies": {
        "ansi-regex": "^5.0.1"
      },
      "engines": {
        "node": ">=8"
      }
    },
    "node_modules/superjson": {
      "version": "2.2.6",
      "resolved": "https://registry.npmjs.org/superjson/-/superjson-2.2.6.tgz",
      "integrity": "sha512-H+ue8Zo4vJmV2nRjpx86P35lzwDT3nItnIsocgumgr0hHMQ+ZGq5vrERg9kJBo5AWGmxZDhzDo+WVIJqkB0cGA==",
      "license": "MIT",
      "dependencies": {
        "copy-anything": "^4"
      },
      "engines": {
        "node": ">=16"
      }
    },
    "node_modules/supports-color": {
      "version": "8.1.1",
      "resolved": "https://registry.npmjs.org/supports-color/-/supports-color-8.1.1.tgz",
      "integrity": "sha512-MpUEN2OodtUzxvKQl72cUF7RQ5EiHsGvSsVG0ia9c5RbWGL2CI4C7EpPS8UTBIplnlzZiNuV56w+FuNxy3ty2Q==",
      "dev": true,
      "license": "MIT",
      "dependencies": {
        "has-flag": "^4.0.0"
      },
      "engines": {
        "node": ">=10"
      },
      "funding": {
        "url": "https://github.com/chalk/supports-color?sponsor=1"
      }
    },
    "node_modules/tree-kill": {
      "version": "1.2.2",
      "resolved": "https://registry.npmjs.org/tree-kill/-/tree-kill-1.2.2.tgz",
      "integrity": "sha512-L0Orpi8qGpRG//Nd+H90vFB+3iHnue1zSSGmNOOCh1GLJ7rUKVwV2HvijphGQS2UmhUZewS9VgvxYIdgr+fG1A==",
      "dev": true,
      "license": "MIT",
      "bin": {
        "tree-kill": "cli.js"
      }
    },
    "node_modules/tslib": {
      "version": "2.8.1",
      "resolved": "https://registry.npmjs.org/tslib/-/tslib-2.8.1.tgz",
      "integrity": "sha512-oJFu94HQb+KVduSUQL7wnpmqnfmLsOA/nAh6b6EH0wCEoK0/mPeXU6c3wKDV83MkOuHPRHtSXKKU99IBazS/2w==",
      "license": "0BSD"
    },
    "node_modules/wrap-ansi": {
      "version": "7.0.0",
      "resolved": "https://registry.npmjs.org/wrap-ansi/-/wrap-ansi-7.0.0.tgz",
      "integrity": "sha512-YVGIj2kamLSTxw6NsZjoBxfSwsn0ycdesmc4p+Q21c5zPuZ1pl+NfxVdxPtdHvmNVOQ6XSYG4AUtyt/Fi7D16Q==",
      "dev": true,
      "license": "MIT",
      "dependencies": {
        "ansi-styles": "^4.0.0",
        "string-width": "^4.1.0",
        "strip-ansi": "^6.0.0"
      },
      "engines": {
        "node": ">=10"
      },
      "funding": {
        "url": "https://github.com/chalk/wrap-ansi?sponsor=1"
      }
    },
    "node_modules/y18n": {
      "version": "5.0.8",
      "resolved": "https://registry.npmjs.org/y18n/-/y18n-5.0.8.tgz",
      "integrity": "sha512-0pfFzegeDWJHJIAmTLRP2DwHjdF5s7jo9tuztdQxAhINCdvS+3nGINqPd00AphqJR/0LhANUS6/+7SCb98YOfA==",
      "dev": true,
      "license": "ISC",
      "engines": {
        "node": ">=10"
      }
    },
    "node_modules/yargs": {
      "version": "17.7.2",
      "resolved": "https://registry.npmjs.org/yargs/-/yargs-17.7.2.tgz",
      "integrity": "sha512-7dSzzRQ++CKnNI/krKnYRV7JKKPUXMEh61soaHKg9mrWEhzFWhFnxPxGl+69cD1Ou63C13NUPCnmIcrvqCuM6w==",
      "dev": true,
      "license": "MIT",
      "dependencies": {
        "cliui": "^8.0.1",
        "escalade": "^3.1.1",
        "get-caller-file": "^2.0.5",
        "require-directory": "^2.1.1",
        "string-width": "^4.2.3",
        "y18n": "^5.0.5",
        "yargs-parser": "^21.1.1"
      },
      "engines": {
        "node": ">=12"
      }
    },
    "node_modules/yargs-parser": {
      "version": "21.1.1",
      "resolved": "https://registry.npmjs.org/yargs-parser/-/yargs-parser-21.1.1.tgz",
      "integrity": "sha512-tVpsJW7DdjecAiFpbIB1e3qxIQsE6NoPc5/eTdrbbIC4h0LVsWhnoa3g+m2HclBIujHzsxZ4VJVA+GUuc2/LBw==",
      "dev": true,
      "license": "ISC",
      "engines": {
        "node": ">=12"
      }
    }
  }
}
